
Microsoft Visual Studio Solution File, Format Version 12.00
# Visual Studio Version 16
VisualStudioVersion = 16.0.32602.291
MinimumVisualStudioVersion = 10.0.40219.1
Project("{FAE04EC0-301F-11D3-BF4B-00C04F79EFBC}") = "Books", "Books\Books.csproj", "{7FCDC319-D6DB-4979-841F-C9CAB65DAF65}"
EndProject
Global
	GlobalSection(SolutionConfigurationPlatforms) = preSolution
		Debug|Any CPU = Debug|Any CPU
		Release|Any CPU = Release|Any CPU
	EndGlobalSection
	GlobalSection(ProjectConfigurationPlatforms) = postSolution
		{7FCDC319-D6DB-4979-841F-C9CAB65DAF65}.Debug|Any CPU.ActiveCfg = Debug|Any CPU
		{7FCDC319-D6DB-4979-841F-C9CAB65DAF65}.Debug|Any CPU.Build.0 = Debug|Any CPU
		{7FCDC319-D6DB-4979-841F-C9CAB65DAF65}.Release|Any CPU.ActiveCfg = Release|Any CPU
		{7FCDC319-D6DB-4979-841F-C9CAB65DAF65}.Release|Any CPU.Build.0 = Release|Any CPU
	EndGlobalSection
	GlobalSection(SolutionProperties) = preSolution
		HideSolutionNode = FALSE
	EndGlobalSection
	GlobalSection(ExtensibilityGlobals) = postSolution
		SolutionGuid = {F9151310-CB3C-4A59-9F03-D8E2788D843C}
	EndGlobalSection
EndGlobal
